// !$*UTF8*$!
{
	archiveVersion = 1;
	classes = {
	};
	objectVersion = 50;
	objects = {

/* Begin PBXBuildFile section */
		359882C4213F287000866656 /* AppDelegate.swift in Sources */ = {isa = PBXBuildFile; fileRef = 359882C3213F287000866656 /* AppDelegate.swift */; };
		359882C6213F287000866656 /* ViewController.swift in Sources */ = {isa = PBXBuildFile; fileRef = 359882C5213F287000866656 /* ViewController.swift */; };
		359882C9213F287000866656 /* Main.storyboard in Resources */ = {isa = PBXBuildFile; fileRef = 359882C7213F287000866656 /* Main.storyboard */; };
		359882CB213F287300866656 /* Assets.xcassets in Resources */ = {isa = PBXBuildFile; fileRef = 359882CA213F287300866656 /* Assets.xcassets */; };
		359882CE213F287300866656 /* LaunchScreen.storyboard in Resources */ = {isa = PBXBuildFile; fileRef = 359882CC213F287300866656 /* LaunchScreen.storyboard */; };
		359882D9213F287400866656 /* coldcallTests.swift in Sources */ = {isa = PBXBuildFile; fileRef = 359882D8213F287400866656 /* coldcallTests.swift */; };
		359882E4213F287400866656 /* coldcallUITests.swift in Sources */ = {isa = PBXBuildFile; fileRef = 359882E3213F287400866656 /* coldcallUITests.swift */; };
/* End PBXBuildFile section */

/* Begin PBXContainerItemProxy section */
		359882D5213F287400866656 /* PBXContainerItemProxy */ = {
			isa = PBXContainerItemProxy;
			containerPortal = 359882B8213F287000866656 /* Project object */;
			proxyType = 1;
			remoteGlobalIDString = 359882BF213F287000866656;
			remoteInfo = coldcall;
		};
		359882E0213F287400866656 /* PBXContainerItemProxy */ = {
			isa = PBXContainerItemProxy;
			containerPortal = 359882B8213F287000866656 /* Project object */;
			proxyType = 1;
			remoteGlobalIDString = 359882BF213F287000866656;
			remoteInfo = coldcall;
		};
/* End PBXContainerItemProxy section */

/* Begin PBXFileReference section */
		359882C0213F287000866656 /* coldcall.app */ = {isa = PBXFileReference; explicitFileType = wrapper.application; includeInIndex = 0; path = coldcall.app; sourceTree = BUILT_PRODUCTS_DIR; };
		359882C3213F287000866656 /* AppDelegate.swift */ = {isa = PBXFileReference; lastKnownFileType = sourcecode.swift; path = AppDelegate.swift; sourceTree = "<group>"; };
		359882C5213F287000866656 /* ViewController.swift */ = {isa = PBXFileReference; lastKnownFileType = sourcecode.swift; path = ViewController.swift; sourceTree = "<group>"; };
		359882C8213F287000866656 /* Base */ = {isa = PBXFileReference; lastKnownFileType = file.storyboard; name = Base; path = Base.lproj/Main.storyboard; sourceTree = "<group>"; };
		359882CA213F287300866656 /* Assets.xcassets */ = {isa = PBXFileReference; lastKnownFileType = folder.assetcatalog; path = Assets.xcassets; sourceTree = "<group>"; };
		359882CD213F287300866656 /* Base */ = {isa = PBXFileReference; lastKnownFileType = file.storyboard; name = Base; path = Base.lproj/LaunchScreen.storyboard; sourceTree = "<group>"; };
		359882CF213F287300866656 /* Info.plist */ = {isa = PBXFileReference; lastKnownFileType = text.plist.xml; path = Info.plist; sourceTree = "<group>"; };
		359882D4213F287400866656 /* coldcallTests.xctest */ = {isa = PBXFileReference; explicitFileType = wrapper.cfbundle; includeInIndex = 0; path = coldcallTests.xctest; sourceTree = BUILT_PRODUCTS_DIR; };
		359882D8213F287400866656 /* coldcallTests.swift */ = {isa = PBXFileReference; lastKnownFileType = sourcecode.swift; path = coldcallTests.swift; sourceTree = "<group>"; };
		359882DA213F287400866656 /* Info.plist */ = {isa = PBXFileReference; lastKnownFileType = text.plist.xml; path = Info.plist; sourceTree = "<group>"; };
		359882DF213F287400866656 /* coldcallUITests.xctest */ = {isa = PBXFileReference; explicitFileType = wrapper.cfbundle; includeInIndex = 0; path = coldcallUITests.xctest; sourceTree = BUILT_PRODUCTS_DIR; };
		359882E3213F287400866656 /* coldcallUITests.swift */ = {isa = PBXFileReference; lastKnownFileType = sourcecode.swift; path = coldcallUITests.swift; sourceTree = "<group>"; };
		359882E5213F287400866656 /* Info.plist */ = {isa = PBXFileReference; lastKnownFileType = text.plist.xml; path = Info.plist; sourceTree = "<group>"; };
/* End PBXFileReference section */

/* Begin PBXFrameworksBuildPhase section */
		359882BD213F287000866656 /* Frameworks */ = {
			isa = PBXFrameworksBuildPhase;
			buildActionMask = 2147483647;
			files = (
			);
			runOnlyForDeploymentPostprocessing = 0;
		};
		359882D1213F287400866656 /* Frameworks */ = {
			isa = PBXFrameworksBuildPhase;
			buildActionMask = 2147483647;
			files = (
			);
			runOnlyForDeploymentPostprocessing = 0;
		};
		359882DC213F287400866656 /* Frameworks */ = {
			isa = PBXFrameworksBuildPhase;
			buildActionMask = 2147483647;
			files = (
			);
			runOnlyForDeploymentPostprocessing = 0;
		};
/* End PBXFrameworksBuildPhase section */

/* Begin PBXGroup section */
		359882B7213F287000866656 = {
			isa = PBXGroup;
			children = (
				359882C2213F287000866656 /* coldcall */,
				359882D7213F287400866656 /* coldcallTests */,
				359882E2213F287400866656 /* coldcallUITests */,
				359882C1213F287000866656 /* Products */,
			);
			sourceTree = "<group>";
		};
		359882C1213F287000866656 /* Products */ = {
			isa = PBXGroup;
			children = (
				359882C0213F287000866656 /* coldcall.app */,
				359882D4213F287400866656 /* coldcallTests.xctest */,
				359882DF213F287400866656 /* coldcallUITests.xctest */,
			);
			name = Products;
			sourceTree = "<group>";
		};
		359882C2213F287000866656 /* coldcall */ = {
			isa = PBXGroup;
			children = (
				359882C3213F287000866656 /* AppDelegate.swift */,
				359882C5213F287000866656 /* ViewController.swift */,
				359882C7213F287000866656 /* Main.storyboard */,
				359882CA213F287300866656 /* Assets.xcassets */,
				359882CC213F287300866656 /* LaunchScreen.storyboard */,
				359882CF213F287300866656 /* Info.plist */,
			);
			path = coldcall;
			sourceTree = "<group>";
		};
		359882D7213F287400866656 /* coldcallTests */ = {
			isa = PBXGroup;
			children = (
				359882D8213F287400866656 /* coldcallTests.swift */,
				359882DA213F287400866656 /* Info.plist */,
			);
			path = coldcallTests;
			sourceTree = "<group>";
		};
		359882E2213F287400866656 /* coldcallUITests */ = {
			isa = PBXGroup;
			children = (
				359882E3213F287400866656 /* coldcallUITests.swift */,
				359882E5213F287400866656 /* Info.plist */,
			);
			path = coldcallUITests;
			sourceTree = "<group>";
		};
/* End PBXGroup section */

/* Begin PBXNativeTarget section */
		359882BF213F287000866656 /* coldcall */ = {
			isa = PBXNativeTarget;
			buildConfigurationList = 359882E8213F287400866656 /* Build configuration list for PBXNativeTarget "coldcall" */;
			buildPhases = (
				359882BC213F287000866656 /* Sources */,
				359882BD213F287000866656 /* Frameworks */,
				359882BE213F287000866656 /* Resources */,
			);
			buildRules = (
			);
			dependencies = (
			);
			name = coldcall;
			productName = coldcall;
			productReference = 359882C0213F287000866656 /* coldcall.app */;
			productType = "com.apple.product-type.application";
		};
		359882D3213F287400866656 /* coldcallTests */ = {
			isa = PBXNativeTarget;
			buildConfigurationList = 359882EB213F287400866656 /* Build configuration list for PBXNativeTarget "coldcallTests" */;
			buildPhases = (
				359882D0213F287400866656 /* Sources */,
				359882D1213F287400866656 /* Frameworks */,
				359882D2213F287400866656 /* Resources */,
			);
			buildRules = (
			);
			dependencies = (
				359882D6213F287400866656 /* PBXTargetDependency */,
			);
			name = coldcallTests;
			productName = coldcallTests;
			productReference = 359882D4213F287400866656 /* coldcallTests.xctest */;
			productType = "com.apple.product-type.bundle.unit-test";
		};
		359882DE213F287400866656 /* coldcallUITests */ = {
			isa = PBXNativeTarget;
			buildConfigurationList = 359882EE213F287400866656 /* Build configuration list for PBXNativeTarget "coldcallUITests" */;
			buildPhases = (
				359882DB213F287400866656 /* Sources */,
				359882DC213F287400866656 /* Frameworks */,
				359882DD213F287400866656 /* Resources */,
			);
			buildRules = (
			);
			dependencies = (
				359882E1213F287400866656 /* PBXTargetDependency */,
			);
			name = coldcallUITests;
			productName = coldcallUITests;
			productReference = 359882DF213F287400866656 /* coldcallUITests.xctest */;
			productType = "com.apple.product-type.bundle.ui-testing";
		};
/* End PBXNativeTarget section */

/* Begin PBXProject section */
		359882B8213F287000866656 /* Project object */ = {
			isa = PBXProject;
			attributes = {
				LastSwiftUpdateCheck = 0940;
				LastUpgradeCheck = 0940;
				ORGANIZATIONNAME = "Jeffrey Ding";
				TargetAttributes = {
					359882BF213F287000866656 = {
						CreatedOnToolsVersion = 9.4.1;
					};
					359882D3213F287400866656 = {
						CreatedOnToolsVersion = 9.4.1;
						TestTargetID = 359882BF213F287000866656;
					};
					359882DE213F287400866656 = {
						CreatedOnToolsVersion = 9.4.1;
						TestTargetID = 359882BF213F287000866656;
					};
				};
			};
			buildConfigurationList = 359882BB213F287000866656 /* Build configuration list for PBXProject "coldcall" */;
			compatibilityVersion = "Xcode 9.3";
			developmentRegion = en;
			hasScannedForEncodings = 0;
			knownRegions = (
				en,
				Base,
			);
			mainGroup = 359882B7213F287000866656;
			productRefGroup = 359882C1213F287000866656 /* Products */;
			projectDirPath = "";
			projectRoot = "";
			targets = (
				359882BF213F287000866656 /* coldcall */,
				359882D3213F287400866656 /* coldcallTests */,
				359882DE213F287400866656 /* coldcallUITests */,
			);
		};
/* End PBXProject section */

/* Begin PBXResourcesBuildPhase section */
		359882BE213F287000866656 /* Resources */ = {
			isa = PBXResourcesBuildPhase;
			buildActionMask = 2147483647;
			files = (
				359882CE213F287300866656 /* LaunchScreen.storyboard in Resources */,
				359882CB213F287300866656 /* Assets.xcassets in Resources */,
				359882C9213F287000866656 /* Main.storyboard in Resources */,
			);
			runOnlyForDeploymentPostprocessing = 0;
		};
		359882D2213F287400866656 /* Resources */ = {
			isa = PBXResourcesBuildPhase;
			buildActionMask = 2147483647;
			files = (
			);
			runOnlyForDeploymentPostprocessing = 0;
		};
		359882DD213F287400866656 /* Resources */ = {
			isa = PBXResourcesBuildPhase;
			buildActionMask = 2147483647;
			files = (
			);
			runOnlyForDeploymentPostprocessing = 0;
		};
/* End PBXResourcesBuildPhase section */

/* Begin PBXSourcesBuildPhase section */
		359882BC213F287000866656 /* Sources */ = {
			isa = PBXSourcesBuildPhase;
			buildActionMask = 2147483647;
			files = (
				359882C6213F287000866656 /* ViewController.swift in Sources */,
				359882C4213F287000866656 /* AppDelegate.swift in Sources */,
			);
			runOnlyForDeploymentPostprocessing = 0;
		};
		359882D0213F287400866656 /* Sources */ = {
			isa = PBXSourcesBuildPhase;
			buildActionMask = 2147483647;
			files = (
				359882D9213F287400866656 /* coldcallTests.swift in Sources */,
			);
			runOnlyForDeploymentPostprocessing = 0;
		};
		359882DB213F287400866656 /* Sources */ = {
			isa = PBXSourcesBuildPhase;
			buildActionMask = 2147483647;
			files = (
				359882E4213F287400866656 /* coldcallUITests.swift in Sources */,
			);
			runOnlyForDeploymentPostprocessing = 0;
		};
/* End PBXSourcesBuildPhase section */

/* Begin PBXTargetDependency section */
		359882D6213F287400866656 /* PBXTargetDependency */ = {
			isa = PBXTargetDependency;
			target = 359882BF213F287000866656 /* coldcall */;
			targetProxy = 359882D5213F287400866656 /* PBXContainerItemProxy */;
		};
		359882E1213F287400866656 /* PBXTargetDependency */ = {
			isa = PBXTargetDependency;
			target = 359882BF213F287000866656 /* coldcall */;
			targetProxy = 359882E0213F287400866656 /* PBXContainerItemProxy */;
		};
/* End PBXTargetDependency section */

/* Begin PBXVariantGroup section */
		359882C7213F287000866656 /* Main.storyboard */ = {
			isa = PBXVariantGroup;
			children = (
				359882C8213F287000866656 /* Base */,
			);
			name = Main.storyboard;
			sourceTree = "<group>";
		};
		359882CC213F287300866656 /* LaunchScreen.storyboard */ = {
			isa = PBXVariantGroup;
			children = (
				359882CD213F287300866656 /* Base */,
			);
			name = LaunchScreen.storyboard;
			sourceTree = "<group>";
		};
/* End PBXVariantGroup section */

/* Begin XCBuildConfiguration section */
		359882E6213F287400866656 /* Debug */ = {
			isa = XCBuildConfiguration;
			buildSettings = {
				ALWAYS_SEARCH_USER_PATHS = NO;
				CLANG_ANALYZER_NONNULL = YES;
				CLANG_ANALYZER_NUMBER_OBJECT_CONVERSION = YES_AGGRESSIVE;
				CLANG_CXX_LANGUAGE_STANDARD = "gnu++14";
				CLANG_CXX_LIBRARY = "libc++";
				CLANG_ENABLE_MODULES = YES;
				CLANG_ENABLE_OBJC_ARC = YES;
				CLANG_ENABLE_OBJC_WEAK = YES;
				CLANG_WARN_BLOCK_CAPTURE_AUTORELEASING = YES;
				CLANG_WARN_BOOL_CONVERSION = YES;
				CLANG_WARN_COMMA = YES;
				CLANG_WARN_CONSTANT_CONVERSION = YES;
				CLANG_WARN_DEPRECATED_OBJC_IMPLEMENTATIONS = YES;
				CLANG_WARN_DIRECT_OBJC_ISA_USAGE = YES_ERROR;
				CLANG_WARN_DOCUMENTATION_COMMENTS = YES;
				CLANG_WARN_EMPTY_BODY = YES;
				CLANG_WARN_ENUM_CONVERSION = YES;
				CLANG_WARN_INFINITE_RECURSION = YES;
				CLANG_WARN_INT_CONVERSION = YES;
				CLANG_WARN_NON_LITERAL_NULL_CONVERSION = YES;
				CLANG_WARN_OBJC_IMPLICIT_RETAIN_SELF = YES;
				CLANG_WARN_OBJC_LITERAL_CONVERSION = YES;
				CLANG_WARN_OBJC_ROOT_CLASS = YES_ERROR;
				CLANG_WARN_RANGE_LOOP_ANALYSIS = YES;
				CLANG_WARN_STRICT_PROTOTYPES = YES;
				CLANG_WARN_SUSPICIOUS_MOVE = YES;
				CLANG_WARN_UNGUARDED_AVAILABILITY = YES_AGGRESSIVE;
				CLANG_WARN_UNREACHABLE_CODE = YES;
				CLANG_WARN__DUPLICATE_METHOD_MATCH = YES;
				CODE_SIGN_IDENTITY = "iPhone Developer";
				COPY_PHASE_STRIP = NO;
				DEBUG_INFORMATION_FORMAT = dwarf;
				ENABLE_STRICT_OBJC_MSGSEND = YES;
				ENABLE_TESTABILITY = YES;
				GCC_C_LANGUAGE_STANDARD = gnu11;
				GCC_DYNAMIC_NO_PIC = NO;
				GCC_NO_COMMON_BLOCKS = YES;
				GCC_OPTIMIZATION_LEVEL = 0;
				GCC_PREPROCESSOR_DEFINITIONS = (
					"DEBUG=1",
					"$(inherited)",
				);
				GCC_WARN_64_TO_32_BIT_CONVERSION = YES;
				GCC_WARN_ABOUT_RETURN_TYPE = YES_ERROR;
				GCC_WARN_UNDECLARED_SELECTOR = YES;
				GCC_WARN_UNINITIALIZED_AUTOS = YES_AGGRESSIVE;
				GCC_WARN_UNUSED_FUNCTION = YES;
				GCC_WARN_UNUSED_VARIABLE = YES;
				IPHONEOS_DEPLOYMENT_TARGET = 11.4;
				MTL_ENABLE_DEBUG_INFO = YES;
				ONLY_ACTIVE_ARCH = YES;
				SDKROOT = iphoneos;
				SWIFT_ACTIVE_COMPILATION_CONDITIONS = DEBUG;
				SWIFT_OPTIMIZATION_LEVEL = "-Onone";
			};
			name = Debug;
		};
		359882E7213F287400866656 /* Release */ = {
			isa = XCBuildConfiguration;
			buildSettings = {
				ALWAYS_SEARCH_USER_PATHS = NO;
				CLANG_ANALYZER_NONNULL = YES;
				CLANG_ANALYZER_NUMBER_OBJECT_CONVERSION = YES_AGGRESSIVE;
				CLANG_CXX_LANGUAGE_STANDARD = "gnu++14";
				CLANG_CXX_LIBRARY = "libc++";
				CLANG_ENABLE_MODULES = YES;
				CLANG_ENABLE_OBJC_ARC = YES;
				CLANG_ENABLE_OBJC_WEAK = YES;
				CLANG_WARN_BLOCK_CAPTURE_AUTORELEASING = YES;
				CLANG_WARN_BOOL_CONVERSION = YES;
				CLANG_WARN_COMMA = YES;
				CLANG_WARN_CONSTANT_CONVERSION = YES;
				CLANG_WARN_DEPRECATED_OBJC_IMPLEMENTATIONS = YES;
				CLANG_WARN_DIRECT_OBJC_ISA_USAGE = YES_ERROR;
				CLANG_WARN_DOCUMENTATION_COMMENTS = YES;
				CLANG_WARN_EMPTY_BODY = YES;
				CLANG_WARN_ENUM_CONVERSION = YES;
				CLANG_WARN_INFINITE_RECURSION = YES;
				CLANG_WARN_INT_CONVERSION = YES;
				CLANG_WARN_NON_LITERAL_NULL_CONVERSION = YES;
				CLANG_WARN_OBJC_IMPLICIT_RETAIN_SELF = YES;
				CLANG_WARN_OBJC_LITERAL_CONVERSION = YES;
				CLANG_WARN_OBJC_ROOT_CLASS = YES_ERROR;
				CLANG_WARN_RANGE_LOOP_ANALYSIS = YES;
				CLANG_WARN_STRICT_PROTOTYPES = YES;
				CLANG_WARN_SUSPICIOUS_MOVE = YES;
				CLANG_WARN_UNGUARDED_AVAILABILITY = YES_AGGRESSIVE;
				CLANG_WARN_UNREACHABLE_CODE = YES;
				CLANG_WARN__DUPLICATE_METHOD_MATCH = YES;
				CODE_SIGN_IDENTITY = "iPhone Developer";
				COPY_PHASE_STRIP = NO;
				DEBUG_INFORMATION_FORMAT = "dwarf-with-dsym";
				ENABLE_NS_ASSERTIONS = NO;
				ENABLE_STRICT_OBJC_MSGSEND = YES;
				GCC_C_LANGUAGE_STANDARD = gnu11;
				GCC_NO_COMMON_BLOCKS = YES;
				GCC_WARN_64_TO_32_BIT_CONVERSION = YES;
				GCC_WARN_ABOUT_RETURN_TYPE = YES_ERROR;
				GCC_WARN_UNDECLARED_SELECTOR = YES;
				GCC_WARN_UNINITIALIZED_AUTOS = YES_AGGRESSIVE;
				GCC_WARN_UNUSED_FUNCTION = YES;
				GCC_WARN_UNUSED_VARIABLE = YES;
				IPHONEOS_DEPLOYMENT_TARGET = 11.4;
				MTL_ENABLE_DEBUG_INFO = NO;
				SDKROOT = iphoneos;
				SWIFT_COMPILATION_MODE = wholemodule;
				SWIFT_OPTIMIZATION_LEVEL = "-O";
				VALIDATE_PRODUCT = YES;
			};
			name = Release;
		};
		359882E9213F287400866656 /* Debug */ = {
			isa = XCBuildConfiguration;
			buildSettings = {
				ASSETCATALOG_COMPILER_APPICON_NAME = AppIcon;
				CODE_SIGN_STYLE = Automatic;
				INFOPLIST_FILE = coldcall/Info.plist;
				LD_RUNPATH_SEARCH_PATHS = (
					"$(inherited)",
					"@executable_path/Frameworks",
				);
				PRODUCT_BUNDLE_IDENTIFIER = codingdojo.coldcall;
				PRODUCT_NAME = "$(TARGET_NAME)";
				SWIFT_VERSION = 4.0;
				TARGETED_DEVICE_FAMILY = "1,2";
			};
			name = Debug;
		};
		359882EA213F287400866656 /* Release */ = {
			isa = XCBuildConfiguration;
			buildSettings = {
				ASSETCATALOG_COMPILER_APPICON_NAME = AppIcon;
				CODE_SIGN_STYLE = Automatic;
				INFOPLIST_FILE = coldcall/Info.plist;
				LD_RUNPATH_SEARCH_PATHS = (
					"$(inherited)",
					"@executable_path/Frameworks",
				);
				PRODUCT_BUNDLE_IDENTIFIER = codingdojo.coldcall;
				PRODUCT_NAME = "$(TARGET_NAME)";
				SWIFT_VERSION = 4.0;
				TARGETED_DEVICE_FAMILY = "1,2";
			};
			name = Release;
		};
		359882EC213F287400866656 /* Debug */ = {
			isa = XCBuildConfiguration;
			buildSettings = {
				ALWAYS_EMBED_SWIFT_STANDARD_LIBRARIES = YES;
				BUNDLE_LOADER = "$(TEST_HOST)";
				CODE_SIGN_STYLE = Automatic;
				INFOPLIST_FILE = coldcallTests/Info.plist;
				LD_RUNPATH_SEARCH_PATHS = (
					"$(inherited)",
					"@executable_path/Frameworks",
					"@loader_path/Frameworks",
				);
				PRODUCT_BUNDLE_IDENTIFIER = codingdojo.coldcallTests;
				PRODUCT_NAME = "$(TARGET_NAME)";
				SWIFT_VERSION = 4.0;
				TARGETED_DEVICE_FAMILY = "1,2";
				TEST_HOST = "$(BUILT_PRODUCTS_DIR)/coldcall.app/coldcall";
			};
			name = Debug;
		};
		359882ED213F287400866656 /* Release */ = {
			isa = XCBuildConfiguration;
			buildSettings = {
				ALWAYS_EMBED_SWIFT_STANDARD_LIBRARIES = YES;
				BUNDLE_LOADER = "$(TEST_HOST)";
				CODE_SIGN_STYLE = Automatic;
				INFOPLIST_FILE = coldcallTests/Info.plist;
				LD_RUNPATH_SEARCH_PATHS = (
					"$(inherited)",
					"@executable_path/Frameworks",
					"@loader_path/Frameworks",
				);
				PRODUCT_BUNDLE_IDENTIFIER = codingdojo.coldcallTests;
				PRODUCT_NAME = "$(TARGET_NAME)";
				SWIFT_VERSION = 4.0;
				TARGETED_DEVICE_FAMILY = "1,2";
				TEST_HOST = "$(BUILT_PRODUCTS_DIR)/coldcall.app/coldcall";
			};
			name = Release;
		};
		359882EF213F287400866656 /* Debug */ = {
			isa = XCBuildConfiguration;
			buildSettings = {
				ALWAYS_EMBED_SWIFT_STANDARD_LIBRARIES = YES;
				CODE_SIGN_STYLE = Automatic;
				INFOPLIST_FILE = coldcallUITests/Info.plist;
				LD_RUNPATH_SEARCH_PATHS = (
					"$(inherited)",
					"@executable_path/Frameworks",
					"@loader_path/Frameworks",
				);
				PRODUCT_BUNDLE_IDENTIFIER = codingdojo.coldcallUITests;
				PRODUCT_NAME = "$(TARGET_NAME)";
				SWIFT_VERSION = 4.0;
				TARGETED_DEVICE_FAMILY = "1,2";
				TEST_TARGET_NAME = coldcall;
			};
			name = Debug;
		};
		359882F0213F287400866656 /* Release */ = {
			isa = XCBuildConfiguration;
			buildSettings = {
				ALWAYS_EMBED_SWIFT_STANDARD_LIBRARIES = YES;
				CODE_SIGN_STYLE = Automatic;
				INFOPLIST_FILE = coldcallUITests/Info.plist;
				LD_RUNPATH_SEARCH_PATHS = (
					"$(inherited)",
					"@executable_path/Frameworks",
					"@loader_path/Frameworks",
				);
				PRODUCT_BUNDLE_IDENTIFIER = codingdojo.coldcallUITests;
				PRODUCT_NAME = "$(TARGET_NAME)";
				SWIFT_VERSION = 4.0;
				TARGETED_DEVICE_FAMILY = "1,2";
				TEST_TARGET_NAME = coldcall;
			};
			name = Release;
		};
/* End XCBuildConfiguration section */

/* Begin XCConfigurationList section */
		359882BB213F287000866656 /* Build configuration list for PBXProject "coldcall" */ = {
			isa = XCConfigurationList;
			buildConfigurations = (
				359882E6213F287400866656 /* Debug */,
				359882E7213F287400866656 /* Release */,
			);
			defaultConfigurationIsVisible = 0;
			defaultConfigurationName = Release;
		};
		359882E8213F287400866656 /* Build configuration list for PBXNativeTarget "coldcall" */ = {
			isa = XCConfigurationList;
			buildConfigurations = (
				359882E9213F287400866656 /* Debug */,
				359882EA213F287400866656 /* Release */,
			);
			defaultConfigurationIsVisible = 0;
			defaultConfigurationName = Release;
		};
		359882EB213F287400866656 /* Build configuration list for PBXNativeTarget "coldcallTests" */ = {
			isa = XCConfigurationList;
			buildConfigurations = (
				359882EC213F287400866656 /* Debug */,
				359882ED213F287400866656 /* Release */,
			);
			defaultConfigurationIsVisible = 0;
			defaultConfigurationName = Release;
		};
		359882EE213F287400866656 /* Build configuration list for PBXNativeTarget "coldcallUITests" */ = {
			isa = XCConfigurationList;
			buildConfigurations = (
				359882EF213F287400866656 /* Debug */,
				359882F0213F287400866656 /* Release */,
			);
			defaultConfigurationIsVisible = 0;
			defaultConfigurationName = Release;
		};
/* End XCConfigurationList section */
	};
	rootObject = 359882B8213F287000866656 /* Project object */;
}
