// !$*UTF8*$!
{
	archiveVersion = 1;
	classes = {
	};
	objectVersion = 50;
	objects = {

/* Begin PBXBuildFile section */
		359882FE213F379F00866656 /* AppDelegate.swift in Sources */ = {isa = PBXBuildFile; fileRef = 359882FD213F379F00866656 /* AppDelegate.swift */; };
		35988300213F379F00866656 /* ViewController.swift in Sources */ = {isa = PBXBuildFile; fileRef = 359882FF213F379F00866656 /* ViewController.swift */; };
		35988303213F379F00866656 /* Main.storyboard in Resources */ = {isa = PBXBuildFile; fileRef = 35988301213F379F00866656 /* Main.storyboard */; };
		35988305213F37A200866656 /* Assets.xcassets in Resources */ = {isa = PBXBuildFile; fileRef = 35988304213F37A200866656 /* Assets.xcassets */; };
		35988308213F37A200866656 /* LaunchScreen.storyboard in Resources */ = {isa = PBXBuildFile; fileRef = 35988306213F37A200866656 /* LaunchScreen.storyboard */; };
		35988313213F37A200866656 /* tttStackViewTests.swift in Sources */ = {isa = PBXBuildFile; fileRef = 35988312213F37A200866656 /* tttStackViewTests.swift */; };
		3598831E213F37A200866656 /* tttStackViewUITests.swift in Sources */ = {isa = PBXBuildFile; fileRef = 3598831D213F37A200866656 /* tttStackViewUITests.swift */; };
/* End PBXBuildFile section */

/* Begin PBXContainerItemProxy section */
		3598830F213F37A200866656 /* PBXContainerItemProxy */ = {
			isa = PBXContainerItemProxy;
			containerPortal = 359882F2213F379F00866656 /* Project object */;
			proxyType = 1;
			remoteGlobalIDString = 359882F9213F379F00866656;
			remoteInfo = tttStackView;
		};
		3598831A213F37A200866656 /* PBXContainerItemProxy */ = {
			isa = PBXContainerItemProxy;
			containerPortal = 359882F2213F379F00866656 /* Project object */;
			proxyType = 1;
			remoteGlobalIDString = 359882F9213F379F00866656;
			remoteInfo = tttStackView;
		};
/* End PBXContainerItemProxy section */

/* Begin PBXFileReference section */
		359882FA213F379F00866656 /* tttStackView.app */ = {isa = PBXFileReference; explicitFileType = wrapper.application; includeInIndex = 0; path = tttStackView.app; sourceTree = BUILT_PRODUCTS_DIR; };
		359882FD213F379F00866656 /* AppDelegate.swift */ = {isa = PBXFileReference; lastKnownFileType = sourcecode.swift; path = AppDelegate.swift; sourceTree = "<group>"; };
		359882FF213F379F00866656 /* ViewController.swift */ = {isa = PBXFileReference; lastKnownFileType = sourcecode.swift; path = ViewController.swift; sourceTree = "<group>"; };
		35988302213F379F00866656 /* Base */ = {isa = PBXFileReference; lastKnownFileType = file.storyboard; name = Base; path = Base.lproj/Main.storyboard; sourceTree = "<group>"; };
		35988304213F37A200866656 /* Assets.xcassets */ = {isa = PBXFileReference; lastKnownFileType = folder.assetcatalog; path = Assets.xcassets; sourceTree = "<group>"; };
		35988307213F37A200866656 /* Base */ = {isa = PBXFileReference; lastKnownFileType = file.storyboard; name = Base; path = Base.lproj/LaunchScreen.storyboard; sourceTree = "<group>"; };
		35988309213F37A200866656 /* Info.plist */ = {isa = PBXFileReference; lastKnownFileType = text.plist.xml; path = Info.plist; sourceTree = "<group>"; };
		3598830E213F37A200866656 /* tttStackViewTests.xctest */ = {isa = PBXFileReference; explicitFileType = wrapper.cfbundle; includeInIndex = 0; path = tttStackViewTests.xctest; sourceTree = BUILT_PRODUCTS_DIR; };
		35988312213F37A200866656 /* tttStackViewTests.swift */ = {isa = PBXFileReference; lastKnownFileType = sourcecode.swift; path = tttStackViewTests.swift; sourceTree = "<group>"; };
		35988314213F37A200866656 /* Info.plist */ = {isa = PBXFileReference; lastKnownFileType = text.plist.xml; path = Info.plist; sourceTree = "<group>"; };
		35988319213F37A200866656 /* tttStackViewUITests.xctest */ = {isa = PBXFileReference; explicitFileType = wrapper.cfbundle; includeInIndex = 0; path = tttStackViewUITests.xctest; sourceTree = BUILT_PRODUCTS_DIR; };
		3598831D213F37A200866656 /* tttStackViewUITests.swift */ = {isa = PBXFileReference; lastKnownFileType = sourcecode.swift; path = tttStackViewUITests.swift; sourceTree = "<group>"; };
		3598831F213F37A200866656 /* Info.plist */ = {isa = PBXFileReference; lastKnownFileType = text.plist.xml; path = Info.plist; sourceTree = "<group>"; };
/* End PBXFileReference section */

/* Begin PBXFrameworksBuildPhase section */
		359882F7213F379F00866656 /* Frameworks */ = {
			isa = PBXFrameworksBuildPhase;
			buildActionMask = 2147483647;
			files = (
			);
			runOnlyForDeploymentPostprocessing = 0;
		};
		3598830B213F37A200866656 /* Frameworks */ = {
			isa = PBXFrameworksBuildPhase;
			buildActionMask = 2147483647;
			files = (
			);
			runOnlyForDeploymentPostprocessing = 0;
		};
		35988316213F37A200866656 /* Frameworks */ = {
			isa = PBXFrameworksBuildPhase;
			buildActionMask = 2147483647;
			files = (
			);
			runOnlyForDeploymentPostprocessing = 0;
		};
/* End PBXFrameworksBuildPhase section */

/* Begin PBXGroup section */
		359882F1213F379F00866656 = {
			isa = PBXGroup;
			children = (
				359882FC213F379F00866656 /* tttStackView */,
				35988311213F37A200866656 /* tttStackViewTests */,
				3598831C213F37A200866656 /* tttStackViewUITests */,
				359882FB213F379F00866656 /* Products */,
			);
			sourceTree = "<group>";
		};
		359882FB213F379F00866656 /* Products */ = {
			isa = PBXGroup;
			children = (
				359882FA213F379F00866656 /* tttStackView.app */,
				3598830E213F37A200866656 /* tttStackViewTests.xctest */,
				35988319213F37A200866656 /* tttStackViewUITests.xctest */,
			);
			name = Products;
			sourceTree = "<group>";
		};
		359882FC213F379F00866656 /* tttStackView */ = {
			isa = PBXGroup;
			children = (
				359882FD213F379F00866656 /* AppDelegate.swift */,
				359882FF213F379F00866656 /* ViewController.swift */,
				35988301213F379F00866656 /* Main.storyboard */,
				35988304213F37A200866656 /* Assets.xcassets */,
				35988306213F37A200866656 /* LaunchScreen.storyboard */,
				35988309213F37A200866656 /* Info.plist */,
			);
			path = tttStackView;
			sourceTree = "<group>";
		};
		35988311213F37A200866656 /* tttStackViewTests */ = {
			isa = PBXGroup;
			children = (
				35988312213F37A200866656 /* tttStackViewTests.swift */,
				35988314213F37A200866656 /* Info.plist */,
			);
			path = tttStackViewTests;
			sourceTree = "<group>";
		};
		3598831C213F37A200866656 /* tttStackViewUITests */ = {
			isa = PBXGroup;
			children = (
				3598831D213F37A200866656 /* tttStackViewUITests.swift */,
				3598831F213F37A200866656 /* Info.plist */,
			);
			path = tttStackViewUITests;
			sourceTree = "<group>";
		};
/* End PBXGroup section */

/* Begin PBXNativeTarget section */
		359882F9213F379F00866656 /* tttStackView */ = {
			isa = PBXNativeTarget;
			buildConfigurationList = 35988322213F37A200866656 /* Build configuration list for PBXNativeTarget "tttStackView" */;
			buildPhases = (
				359882F6213F379F00866656 /* Sources */,
				359882F7213F379F00866656 /* Frameworks */,
				359882F8213F379F00866656 /* Resources */,
			);
			buildRules = (
			);
			dependencies = (
			);
			name = tttStackView;
			productName = tttStackView;
			productReference = 359882FA213F379F00866656 /* tttStackView.app */;
			productType = "com.apple.product-type.application";
		};
		3598830D213F37A200866656 /* tttStackViewTests */ = {
			isa = PBXNativeTarget;
			buildConfigurationList = 35988325213F37A200866656 /* Build configuration list for PBXNativeTarget "tttStackViewTests" */;
			buildPhases = (
				3598830A213F37A200866656 /* Sources */,
				3598830B213F37A200866656 /* Frameworks */,
				3598830C213F37A200866656 /* Resources */,
			);
			buildRules = (
			);
			dependencies = (
				35988310213F37A200866656 /* PBXTargetDependency */,
			);
			name = tttStackViewTests;
			productName = tttStackViewTests;
			productReference = 3598830E213F37A200866656 /* tttStackViewTests.xctest */;
			productType = "com.apple.product-type.bundle.unit-test";
		};
		35988318213F37A200866656 /* tttStackViewUITests */ = {
			isa = PBXNativeTarget;
			buildConfigurationList = 35988328213F37A200866656 /* Build configuration list for PBXNativeTarget "tttStackViewUITests" */;
			buildPhases = (
				35988315213F37A200866656 /* Sources */,
				35988316213F37A200866656 /* Frameworks */,
				35988317213F37A200866656 /* Resources */,
			);
			buildRules = (
			);
			dependencies = (
				3598831B213F37A200866656 /* PBXTargetDependency */,
			);
			name = tttStackViewUITests;
			productName = tttStackViewUITests;
			productReference = 35988319213F37A200866656 /* tttStackViewUITests.xctest */;
			productType = "com.apple.product-type.bundle.ui-testing";
		};
/* End PBXNativeTarget section */

/* Begin PBXProject section */
		359882F2213F379F00866656 /* Project object */ = {
			isa = PBXProject;
			attributes = {
				LastSwiftUpdateCheck = 0940;
				LastUpgradeCheck = 0940;
				ORGANIZATIONNAME = "Jeffrey Ding";
				TargetAttributes = {
					359882F9213F379F00866656 = {
						CreatedOnToolsVersion = 9.4.1;
					};
					3598830D213F37A200866656 = {
						CreatedOnToolsVersion = 9.4.1;
						TestTargetID = 359882F9213F379F00866656;
					};
					35988318213F37A200866656 = {
						CreatedOnToolsVersion = 9.4.1;
						TestTargetID = 359882F9213F379F00866656;
					};
				};
			};
			buildConfigurationList = 359882F5213F379F00866656 /* Build configuration list for PBXProject "tttStackView" */;
			compatibilityVersion = "Xcode 9.3";
			developmentRegion = en;
			hasScannedForEncodings = 0;
			knownRegions = (
				en,
				Base,
			);
			mainGroup = 359882F1213F379F00866656;
			productRefGroup = 359882FB213F379F00866656 /* Products */;
			projectDirPath = "";
			projectRoot = "";
			targets = (
				359882F9213F379F00866656 /* tttStackView */,
				3598830D213F37A200866656 /* tttStackViewTests */,
				35988318213F37A200866656 /* tttStackViewUITests */,
			);
		};
/* End PBXProject section */

/* Begin PBXResourcesBuildPhase section */
		359882F8213F379F00866656 /* Resources */ = {
			isa = PBXResourcesBuildPhase;
			buildActionMask = 2147483647;
			files = (
				35988308213F37A200866656 /* LaunchScreen.storyboard in Resources */,
				35988305213F37A200866656 /* Assets.xcassets in Resources */,
				35988303213F379F00866656 /* Main.storyboard in Resources */,
			);
			runOnlyForDeploymentPostprocessing = 0;
		};
		3598830C213F37A200866656 /* Resources */ = {
			isa = PBXResourcesBuildPhase;
			buildActionMask = 2147483647;
			files = (
			);
			runOnlyForDeploymentPostprocessing = 0;
		};
		35988317213F37A200866656 /* Resources */ = {
			isa = PBXResourcesBuildPhase;
			buildActionMask = 2147483647;
			files = (
			);
			runOnlyForDeploymentPostprocessing = 0;
		};
/* End PBXResourcesBuildPhase section */

/* Begin PBXSourcesBuildPhase section */
		359882F6213F379F00866656 /* Sources */ = {
			isa = PBXSourcesBuildPhase;
			buildActionMask = 2147483647;
			files = (
				35988300213F379F00866656 /* ViewController.swift in Sources */,
				359882FE213F379F00866656 /* AppDelegate.swift in Sources */,
			);
			runOnlyForDeploymentPostprocessing = 0;
		};
		3598830A213F37A200866656 /* Sources */ = {
			isa = PBXSourcesBuildPhase;
			buildActionMask = 2147483647;
			files = (
				35988313213F37A200866656 /* tttStackViewTests.swift in Sources */,
			);
			runOnlyForDeploymentPostprocessing = 0;
		};
		35988315213F37A200866656 /* Sources */ = {
			isa = PBXSourcesBuildPhase;
			buildActionMask = 2147483647;
			files = (
				3598831E213F37A200866656 /* tttStackViewUITests.swift in Sources */,
			);
			runOnlyForDeploymentPostprocessing = 0;
		};
/* End PBXSourcesBuildPhase section */

/* Begin PBXTargetDependency section */
		35988310213F37A200866656 /* PBXTargetDependency */ = {
			isa = PBXTargetDependency;
			target = 359882F9213F379F00866656 /* tttStackView */;
			targetProxy = 3598830F213F37A200866656 /* PBXContainerItemProxy */;
		};
		3598831B213F37A200866656 /* PBXTargetDependency */ = {
			isa = PBXTargetDependency;
			target = 359882F9213F379F00866656 /* tttStackView */;
			targetProxy = 3598831A213F37A200866656 /* PBXContainerItemProxy */;
		};
/* End PBXTargetDependency section */

/* Begin PBXVariantGroup section */
		35988301213F379F00866656 /* Main.storyboard */ = {
			isa = PBXVariantGroup;
			children = (
				35988302213F379F00866656 /* Base */,
			);
			name = Main.storyboard;
			sourceTree = "<group>";
		};
		35988306213F37A200866656 /* LaunchScreen.storyboard */ = {
			isa = PBXVariantGroup;
			children = (
				35988307213F37A200866656 /* Base */,
			);
			name = LaunchScreen.storyboard;
			sourceTree = "<group>";
		};
/* End PBXVariantGroup section */

/* Begin XCBuildConfiguration section */
		35988320213F37A200866656 /* Debug */ = {
			isa = XCBuildConfiguration;
			buildSettings = {
				ALWAYS_SEARCH_USER_PATHS = NO;
				CLANG_ANALYZER_NONNULL = YES;
				CLANG_ANALYZER_NUMBER_OBJECT_CONVERSION = YES_AGGRESSIVE;
				CLANG_CXX_LANGUAGE_STANDARD = "gnu++14";
				CLANG_CXX_LIBRARY = "libc++";
				CLANG_ENABLE_MODULES = YES;
				CLANG_ENABLE_OBJC_ARC = YES;
				CLANG_ENABLE_OBJC_WEAK = YES;
				CLANG_WARN_BLOCK_CAPTURE_AUTORELEASING = YES;
				CLANG_WARN_BOOL_CONVERSION = YES;
				CLANG_WARN_COMMA = YES;
				CLANG_WARN_CONSTANT_CONVERSION = YES;
				CLANG_WARN_DEPRECATED_OBJC_IMPLEMENTATIONS = YES;
				CLANG_WARN_DIRECT_OBJC_ISA_USAGE = YES_ERROR;
				CLANG_WARN_DOCUMENTATION_COMMENTS = YES;
				CLANG_WARN_EMPTY_BODY = YES;
				CLANG_WARN_ENUM_CONVERSION = YES;
				CLANG_WARN_INFINITE_RECURSION = YES;
				CLANG_WARN_INT_CONVERSION = YES;
				CLANG_WARN_NON_LITERAL_NULL_CONVERSION = YES;
				CLANG_WARN_OBJC_IMPLICIT_RETAIN_SELF = YES;
				CLANG_WARN_OBJC_LITERAL_CONVERSION = YES;
				CLANG_WARN_OBJC_ROOT_CLASS = YES_ERROR;
				CLANG_WARN_RANGE_LOOP_ANALYSIS = YES;
				CLANG_WARN_STRICT_PROTOTYPES = YES;
				CLANG_WARN_SUSPICIOUS_MOVE = YES;
				CLANG_WARN_UNGUARDED_AVAILABILITY = YES_AGGRESSIVE;
				CLANG_WARN_UNREACHABLE_CODE = YES;
				CLANG_WARN__DUPLICATE_METHOD_MATCH = YES;
				CODE_SIGN_IDENTITY = "iPhone Developer";
				COPY_PHASE_STRIP = NO;
				DEBUG_INFORMATION_FORMAT = dwarf;
				ENABLE_STRICT_OBJC_MSGSEND = YES;
				ENABLE_TESTABILITY = YES;
				GCC_C_LANGUAGE_STANDARD = gnu11;
				GCC_DYNAMIC_NO_PIC = NO;
				GCC_NO_COMMON_BLOCKS = YES;
				GCC_OPTIMIZATION_LEVEL = 0;
				GCC_PREPROCESSOR_DEFINITIONS = (
					"DEBUG=1",
					"$(inherited)",
				);
				GCC_WARN_64_TO_32_BIT_CONVERSION = YES;
				GCC_WARN_ABOUT_RETURN_TYPE = YES_ERROR;
				GCC_WARN_UNDECLARED_SELECTOR = YES;
				GCC_WARN_UNINITIALIZED_AUTOS = YES_AGGRESSIVE;
				GCC_WARN_UNUSED_FUNCTION = YES;
				GCC_WARN_UNUSED_VARIABLE = YES;
				IPHONEOS_DEPLOYMENT_TARGET = 11.4;
				MTL_ENABLE_DEBUG_INFO = YES;
				ONLY_ACTIVE_ARCH = YES;
				SDKROOT = iphoneos;
				SWIFT_ACTIVE_COMPILATION_CONDITIONS = DEBUG;
				SWIFT_OPTIMIZATION_LEVEL = "-Onone";
			};
			name = Debug;
		};
		35988321213F37A200866656 /* Release */ = {
			isa = XCBuildConfiguration;
			buildSettings = {
				ALWAYS_SEARCH_USER_PATHS = NO;
				CLANG_ANALYZER_NONNULL = YES;
				CLANG_ANALYZER_NUMBER_OBJECT_CONVERSION = YES_AGGRESSIVE;
				CLANG_CXX_LANGUAGE_STANDARD = "gnu++14";
				CLANG_CXX_LIBRARY = "libc++";
				CLANG_ENABLE_MODULES = YES;
				CLANG_ENABLE_OBJC_ARC = YES;
				CLANG_ENABLE_OBJC_WEAK = YES;
				CLANG_WARN_BLOCK_CAPTURE_AUTORELEASING = YES;
				CLANG_WARN_BOOL_CONVERSION = YES;
				CLANG_WARN_COMMA = YES;
				CLANG_WARN_CONSTANT_CONVERSION = YES;
				CLANG_WARN_DEPRECATED_OBJC_IMPLEMENTATIONS = YES;
				CLANG_WARN_DIRECT_OBJC_ISA_USAGE = YES_ERROR;
				CLANG_WARN_DOCUMENTATION_COMMENTS = YES;
				CLANG_WARN_EMPTY_BODY = YES;
				CLANG_WARN_ENUM_CONVERSION = YES;
				CLANG_WARN_INFINITE_RECURSION = YES;
				CLANG_WARN_INT_CONVERSION = YES;
				CLANG_WARN_NON_LITERAL_NULL_CONVERSION = YES;
				CLANG_WARN_OBJC_IMPLICIT_RETAIN_SELF = YES;
				CLANG_WARN_OBJC_LITERAL_CONVERSION = YES;
				CLANG_WARN_OBJC_ROOT_CLASS = YES_ERROR;
				CLANG_WARN_RANGE_LOOP_ANALYSIS = YES;
				CLANG_WARN_STRICT_PROTOTYPES = YES;
				CLANG_WARN_SUSPICIOUS_MOVE = YES;
				CLANG_WARN_UNGUARDED_AVAILABILITY = YES_AGGRESSIVE;
				CLANG_WARN_UNREACHABLE_CODE = YES;
				CLANG_WARN__DUPLICATE_METHOD_MATCH = YES;
				CODE_SIGN_IDENTITY = "iPhone Developer";
				COPY_PHASE_STRIP = NO;
				DEBUG_INFORMATION_FORMAT = "dwarf-with-dsym";
				ENABLE_NS_ASSERTIONS = NO;
				ENABLE_STRICT_OBJC_MSGSEND = YES;
				GCC_C_LANGUAGE_STANDARD = gnu11;
				GCC_NO_COMMON_BLOCKS = YES;
				GCC_WARN_64_TO_32_BIT_CONVERSION = YES;
				GCC_WARN_ABOUT_RETURN_TYPE = YES_ERROR;
				GCC_WARN_UNDECLARED_SELECTOR = YES;
				GCC_WARN_UNINITIALIZED_AUTOS = YES_AGGRESSIVE;
				GCC_WARN_UNUSED_FUNCTION = YES;
				GCC_WARN_UNUSED_VARIABLE = YES;
				IPHONEOS_DEPLOYMENT_TARGET = 11.4;
				MTL_ENABLE_DEBUG_INFO = NO;
				SDKROOT = iphoneos;
				SWIFT_COMPILATION_MODE = wholemodule;
				SWIFT_OPTIMIZATION_LEVEL = "-O";
				VALIDATE_PRODUCT = YES;
			};
			name = Release;
		};
		35988323213F37A200866656 /* Debug */ = {
			isa = XCBuildConfiguration;
			buildSettings = {
				ASSETCATALOG_COMPILER_APPICON_NAME = AppIcon;
				CODE_SIGN_STYLE = Automatic;
				INFOPLIST_FILE = tttStackView/Info.plist;
				LD_RUNPATH_SEARCH_PATHS = (
					"$(inherited)",
					"@executable_path/Frameworks",
				);
				PRODUCT_BUNDLE_IDENTIFIER = codingdojo.tttStackView;
				PRODUCT_NAME = "$(TARGET_NAME)";
				SWIFT_VERSION = 4.0;
				TARGETED_DEVICE_FAMILY = "1,2";
			};
			name = Debug;
		};
		35988324213F37A200866656 /* Release */ = {
			isa = XCBuildConfiguration;
			buildSettings = {
				ASSETCATALOG_COMPILER_APPICON_NAME = AppIcon;
				CODE_SIGN_STYLE = Automatic;
				INFOPLIST_FILE = tttStackView/Info.plist;
				LD_RUNPATH_SEARCH_PATHS = (
					"$(inherited)",
					"@executable_path/Frameworks",
				);
				PRODUCT_BUNDLE_IDENTIFIER = codingdojo.tttStackView;
				PRODUCT_NAME = "$(TARGET_NAME)";
				SWIFT_VERSION = 4.0;
				TARGETED_DEVICE_FAMILY = "1,2";
			};
			name = Release;
		};
		35988326213F37A200866656 /* Debug */ = {
			isa = XCBuildConfiguration;
			buildSettings = {
				ALWAYS_EMBED_SWIFT_STANDARD_LIBRARIES = YES;
				BUNDLE_LOADER = "$(TEST_HOST)";
				CODE_SIGN_STYLE = Automatic;
				INFOPLIST_FILE = tttStackViewTests/Info.plist;
				LD_RUNPATH_SEARCH_PATHS = (
					"$(inherited)",
					"@executable_path/Frameworks",
					"@loader_path/Frameworks",
				);
				PRODUCT_BUNDLE_IDENTIFIER = codingdojo.tttStackViewTests;
				PRODUCT_NAME = "$(TARGET_NAME)";
				SWIFT_VERSION = 4.0;
				TARGETED_DEVICE_FAMILY = "1,2";
				TEST_HOST = "$(BUILT_PRODUCTS_DIR)/tttStackView.app/tttStackView";
			};
			name = Debug;
		};
		35988327213F37A200866656 /* Release */ = {
			isa = XCBuildConfiguration;
			buildSettings = {
				ALWAYS_EMBED_SWIFT_STANDARD_LIBRARIES = YES;
				BUNDLE_LOADER = "$(TEST_HOST)";
				CODE_SIGN_STYLE = Automatic;
				INFOPLIST_FILE = tttStackViewTests/Info.plist;
				LD_RUNPATH_SEARCH_PATHS = (
					"$(inherited)",
					"@executable_path/Frameworks",
					"@loader_path/Frameworks",
				);
				PRODUCT_BUNDLE_IDENTIFIER = codingdojo.tttStackViewTests;
				PRODUCT_NAME = "$(TARGET_NAME)";
				SWIFT_VERSION = 4.0;
				TARGETED_DEVICE_FAMILY = "1,2";
				TEST_HOST = "$(BUILT_PRODUCTS_DIR)/tttStackView.app/tttStackView";
			};
			name = Release;
		};
		35988329213F37A200866656 /* Debug */ = {
			isa = XCBuildConfiguration;
			buildSettings = {
				ALWAYS_EMBED_SWIFT_STANDARD_LIBRARIES = YES;
				CODE_SIGN_STYLE = Automatic;
				INFOPLIST_FILE = tttStackViewUITests/Info.plist;
				LD_RUNPATH_SEARCH_PATHS = (
					"$(inherited)",
					"@executable_path/Frameworks",
					"@loader_path/Frameworks",
				);
				PRODUCT_BUNDLE_IDENTIFIER = codingdojo.tttStackViewUITests;
				PRODUCT_NAME = "$(TARGET_NAME)";
				SWIFT_VERSION = 4.0;
				TARGETED_DEVICE_FAMILY = "1,2";
				TEST_TARGET_NAME = tttStackView;
			};
			name = Debug;
		};
		3598832A213F37A200866656 /* Release */ = {
			isa = XCBuildConfiguration;
			buildSettings = {
				ALWAYS_EMBED_SWIFT_STANDARD_LIBRARIES = YES;
				CODE_SIGN_STYLE = Automatic;
				INFOPLIST_FILE = tttStackViewUITests/Info.plist;
				LD_RUNPATH_SEARCH_PATHS = (
					"$(inherited)",
					"@executable_path/Frameworks",
					"@loader_path/Frameworks",
				);
				PRODUCT_BUNDLE_IDENTIFIER = codingdojo.tttStackViewUITests;
				PRODUCT_NAME = "$(TARGET_NAME)";
				SWIFT_VERSION = 4.0;
				TARGETED_DEVICE_FAMILY = "1,2";
				TEST_TARGET_NAME = tttStackView;
			};
			name = Release;
		};
/* End XCBuildConfiguration section */

/* Begin XCConfigurationList section */
		359882F5213F379F00866656 /* Build configuration list for PBXProject "tttStackView" */ = {
			isa = XCConfigurationList;
			buildConfigurations = (
				35988320213F37A200866656 /* Debug */,
				35988321213F37A200866656 /* Release */,
			);
			defaultConfigurationIsVisible = 0;
			defaultConfigurationName = Release;
		};
		35988322213F37A200866656 /* Build configuration list for PBXNativeTarget "tttStackView" */ = {
			isa = XCConfigurationList;
			buildConfigurations = (
				35988323213F37A200866656 /* Debug */,
				35988324213F37A200866656 /* Release */,
			);
			defaultConfigurationIsVisible = 0;
			defaultConfigurationName = Release;
		};
		35988325213F37A200866656 /* Build configuration list for PBXNativeTarget "tttStackViewTests" */ = {
			isa = XCConfigurationList;
			buildConfigurations = (
				35988326213F37A200866656 /* Debug */,
				35988327213F37A200866656 /* Release */,
			);
			defaultConfigurationIsVisible = 0;
			defaultConfigurationName = Release;
		};
		35988328213F37A200866656 /* Build configuration list for PBXNativeTarget "tttStackViewUITests" */ = {
			isa = XCConfigurationList;
			buildConfigurations = (
				35988329213F37A200866656 /* Debug */,
				3598832A213F37A200866656 /* Release */,
			);
			defaultConfigurationIsVisible = 0;
			defaultConfigurationName = Release;
		};
/* End XCConfigurationList section */
	};
	rootObject = 359882F2213F379F00866656 /* Project object */;
}
